
Microsoft Visual Studio Solution File, Format Version 12.00
# Visual Studio Version 17
VisualStudioVersion = 17.4.33020.496
MinimumVisualStudioVersion = 10.0.40219.1
Project("{2150E333-8FDC-42A3-9474-1A3956D46DE8}") = "Database", "Database", "{F5596A2D-C64E-4562-8969-1F6F3223CD04}"
EndProject
Project("{FAE04EC0-301F-11D3-BF4B-00C04F79EFBC}") = "Database", "DataBase\Database\Database.csproj", "{2EF16A55-F178-4B36-8D98-35E3CDCE5994}"
EndProject
Project("{2150E333-8FDC-42A3-9474-1A3956D46DE8}") = "Application", "Application", "{01709F5D-A8E5-4696-8419-4D15C18EB3DA}"
EndProject
Project("{9A19103F-16F7-4668-BE54-9A1E7A4F7556}") = "Capture", "Application\capture\Capture.csproj", "{ECB6CAA8-542F-4677-8D31-4712E53B28EB}"
EndProject
Project("{FAE04EC0-301F-11D3-BF4B-00C04F79EFBC}") = "Test", "Test\Test.csproj", "{5480CF27-305F-4A97-B9FE-0C09781635C8}"
EndProject
Project("{FAE04EC0-301F-11D3-BF4B-00C04F79EFBC}") = "Api", "Api\Api.csproj", "{48C20E56-7130-4433-9A01-14EAC5164A2F}"
EndProject
Project("{2150E333-8FDC-42A3-9474-1A3956D46DE8}") = "Test", "Test", "{E0F854FA-F552-47D8-B5D8-84E4C900DA25}"
EndProject
Project("{2150E333-8FDC-42A3-9474-1A3956D46DE8}") = "Api", "Api", "{E7DA2915-6FE1-48F5-B948-19AD8E5DA22A}"
EndProject
Global
	GlobalSection(SolutionConfigurationPlatforms) = preSolution
		Debug|Any CPU = Debug|Any CPU
		Release|Any CPU = Release|Any CPU
	EndGlobalSection
	GlobalSection(ProjectConfigurationPlatforms) = postSolution
		{2EF16A55-F178-4B36-8D98-35E3CDCE5994}.Debug|Any CPU.ActiveCfg = Debug|Any CPU
		{2EF16A55-F178-4B36-8D98-35E3CDCE5994}.Debug|Any CPU.Build.0 = Debug|Any CPU
		{2EF16A55-F178-4B36-8D98-35E3CDCE5994}.Release|Any CPU.ActiveCfg = Release|Any CPU
		{2EF16A55-F178-4B36-8D98-35E3CDCE5994}.Release|Any CPU.Build.0 = Release|Any CPU
		{ECB6CAA8-542F-4677-8D31-4712E53B28EB}.Debug|Any CPU.ActiveCfg = Debug|Any CPU
		{ECB6CAA8-542F-4677-8D31-4712E53B28EB}.Debug|Any CPU.Build.0 = Debug|Any CPU
		{ECB6CAA8-542F-4677-8D31-4712E53B28EB}.Release|Any CPU.ActiveCfg = Release|Any CPU
		{ECB6CAA8-542F-4677-8D31-4712E53B28EB}.Release|Any CPU.Build.0 = Release|Any CPU
		{5480CF27-305F-4A97-B9FE-0C09781635C8}.Debug|Any CPU.ActiveCfg = Debug|Any CPU
		{5480CF27-305F-4A97-B9FE-0C09781635C8}.Debug|Any CPU.Build.0 = Debug|Any CPU
		{5480CF27-305F-4A97-B9FE-0C09781635C8}.Release|Any CPU.ActiveCfg = Release|Any CPU
		{5480CF27-305F-4A97-B9FE-0C09781635C8}.Release|Any CPU.Build.0 = Release|Any CPU
		{48C20E56-7130-4433-9A01-14EAC5164A2F}.Debug|Any CPU.ActiveCfg = Debug|Any CPU
		{48C20E56-7130-4433-9A01-14EAC5164A2F}.Debug|Any CPU.Build.0 = Debug|Any CPU
		{48C20E56-7130-4433-9A01-14EAC5164A2F}.Release|Any CPU.ActiveCfg = Release|Any CPU
		{48C20E56-7130-4433-9A01-14EAC5164A2F}.Release|Any CPU.Build.0 = Release|Any CPU
	EndGlobalSection
	GlobalSection(SolutionProperties) = preSolution
		HideSolutionNode = FALSE
	EndGlobalSection
	GlobalSection(NestedProjects) = preSolution
		{2EF16A55-F178-4B36-8D98-35E3CDCE5994} = {F5596A2D-C64E-4562-8969-1F6F3223CD04}
		{ECB6CAA8-542F-4677-8D31-4712E53B28EB} = {01709F5D-A8E5-4696-8419-4D15C18EB3DA}
		{5480CF27-305F-4A97-B9FE-0C09781635C8} = {E0F854FA-F552-47D8-B5D8-84E4C900DA25}
		{48C20E56-7130-4433-9A01-14EAC5164A2F} = {E7DA2915-6FE1-48F5-B948-19AD8E5DA22A}
	EndGlobalSection
	GlobalSection(ExtensibilityGlobals) = postSolution
		SolutionGuid = {46A6ACAA-828F-498C-A7CF-D5A9D11CD71B}
	EndGlobalSection
EndGlobal
